dependencies:
- name: shortlink-template
  repository: oci://ghcr.io/shortlink-org/charts
  version: 0.12.1
- name: redis
  repository: oci://registry-1.docker.io/bitnamicharts
  version: 25.3.2
digest: sha256:1322d8b22b8da4e5fbf19890f23ce4e4af8b5aed089b7ae86cad26ddbdd76031
generated: "2026-02-26T19:53:15.80993469Z"
