# Generated by buf. DO NOT EDIT.
version: v2
deps:
  - name: buf.build/googleapis/googleapis
    commit: 004180b77378443887d3b55cabc00384
    digest: b5:e8f475fe3330f31f5fd86ac689093bcd274e19611a09db91f41d637cb9197881ce89882b94d13a58738e53c91c6e4bae7dc1feba85f590164c975a89e25115dc
  - name: buf.build/shortlink-org/shop-oms
    commit: af22ed6b95784690bb51fcaa2dda22d4
    digest: b5:1391e51141fe4eae5dc8b92dc57a16ada4c753315be10b21e03bb30fd047302c584595e56358aca23aeaf566c360670638bdb1118efe7ba1f212cd28fb4c5bdd
